
Microsoft Visual Studio Solution File, Format Version 12.00
# Visual Studio Version 17
VisualStudioVersion = 17.2.32505.173
MinimumVisualStudioVersion = 10.0.40219.1
Project("{9A19103F-16F7-4668-BE54-9A1E7A4F7556}") = "DemoConsole", "DemoConsole.csproj", "{28CB0033-26E8-40EE-8019-3FCEFFE3665C}"
EndProject
Global
	GlobalSection(SolutionConfigurationPlatforms) = preSolution
		Debug|Any CPU = Debug|Any CPU
		Release|Any CPU = Release|Any CPU
	EndGlobalSection
	GlobalSection(ProjectConfigurationPlatforms) = postSolution
		{28CB0033-26E8-40EE-8019-3FCEFFE3665C}.Debug|Any CPU.ActiveCfg = Debug|Any CPU
		{28CB0033-26E8-40EE-8019-3FCEFFE3665C}.Debug|Any CPU.Build.0 = Debug|Any CPU
		{28CB0033-26E8-40EE-8019-3FCEFFE3665C}.Release|Any CPU.ActiveCfg = Release|Any CPU
		{28CB0033-26E8-40EE-8019-3FCEFFE3665C}.Release|Any CPU.Build.0 = Release|Any CPU
	EndGlobalSection
	GlobalSection(SolutionProperties) = preSolution
		HideSolutionNode = FALSE
	EndGlobalSection
	GlobalSection(ExtensibilityGlobals) = postSolution
		SolutionGuid = {116FED9D-1043-4EF6-BCE3-AFDECA751996}
	EndGlobalSection
EndGlobal
